
Microsoft Visual Studio Solution File, Format Version 12.00
# Visual Studio Version 16
VisualStudioVersion = 16.0.30517.126
MinimumVisualStudioVersion = 10.0.40219.1
Project("{FAE04EC0-301F-11D3-BF4B-00C04F79EFBC}") = "WindowsFormsApp1", "WindowsFormsApp1\WindowsFormsApp1.csproj", "{855EC6FC-683C-43B1-A6EF-EB0F47524831}"
EndProject
Global
	GlobalSection(SolutionConfigurationPlatforms) = preSolution
		Debug|Any CPU = Debug|Any CPU
		Release|Any CPU = Release|Any CPU
	EndGlobalSection
	GlobalSection(ProjectConfigurationPlatforms) = postSolution
		{855EC6FC-683C-43B1-A6EF-EB0F47524831}.Debug|Any CPU.ActiveCfg = Debug|Any CPU
		{855EC6FC-683C-43B1-A6EF-EB0F47524831}.Debug|Any CPU.Build.0 = Debug|Any CPU
		{855EC6FC-683C-43B1-A6EF-EB0F47524831}.Release|Any CPU.ActiveCfg = Release|Any CPU
		{855EC6FC-683C-43B1-A6EF-EB0F47524831}.Release|Any CPU.Build.0 = Release|Any CPU
	EndGlobalSection
	GlobalSection(SolutionProperties) = preSolution
		HideSolutionNode = FALSE
	EndGlobalSection
	GlobalSection(ExtensibilityGlobals) = postSolution
		SolutionGuid = {75C56AC5-93B7-47F3-AABD-1EC6D2945687}
	EndGlobalSection
EndGlobal
